
Microsoft Visual Studio Solution File, Format Version 12.00
# Visual Studio Version 17
VisualStudioVersion = 17.0.31903.59
MinimumVisualStudioVersion = 10.0.40219.1
Project("{2150E333-8FDC-42A3-9474-1A3956D46DE8}") = "src", "src", "{E0E3FE0D-08CD-4A80-91A5-C224F02A5703}"
EndProject
Project("{FAE04EC0-301F-11D3-BF4B-00C04F79EFBC}") = "AuctionService", "src\AuctionService\AuctionService.csproj", "{7AF76911-9695-4F5B-8B35-D2D9C8D9C8DF}"
EndProject
Project("{FAE04EC0-301F-11D3-BF4B-00C04F79EFBC}") = "SearchService", "src\SearchService\SearchService.csproj", "{4EB9A4E9-9F5C-4C53-9577-D9FD09EFD01A}"
EndProject
Project("{FAE04EC0-301F-11D3-BF4B-00C04F79EFBC}") = "Contracts", "src\Contracts\Contracts.csproj", "{FAAE9765-BBCC-4A41-B065-6C16E1613290}"
EndProject
Global
	GlobalSection(SolutionConfigurationPlatforms) = preSolution
		Debug|Any CPU = Debug|Any CPU
		Release|Any CPU = Release|Any CPU
	EndGlobalSection
	GlobalSection(SolutionProperties) = preSolution
		HideSolutionNode = FALSE
	EndGlobalSection
	GlobalSection(ProjectConfigurationPlatforms) = postSolution
		{7AF76911-9695-4F5B-8B35-D2D9C8D9C8DF}.Debug|Any CPU.ActiveCfg = Debug|Any CPU
		{7AF76911-9695-4F5B-8B35-D2D9C8D9C8DF}.Debug|Any CPU.Build.0 = Debug|Any CPU
		{7AF76911-9695-4F5B-8B35-D2D9C8D9C8DF}.Release|Any CPU.ActiveCfg = Release|Any CPU
		{7AF76911-9695-4F5B-8B35-D2D9C8D9C8DF}.Release|Any CPU.Build.0 = Release|Any CPU
		{4EB9A4E9-9F5C-4C53-9577-D9FD09EFD01A}.Debug|Any CPU.ActiveCfg = Debug|Any CPU
		{4EB9A4E9-9F5C-4C53-9577-D9FD09EFD01A}.Debug|Any CPU.Build.0 = Debug|Any CPU
		{4EB9A4E9-9F5C-4C53-9577-D9FD09EFD01A}.Release|Any CPU.ActiveCfg = Release|Any CPU
		{4EB9A4E9-9F5C-4C53-9577-D9FD09EFD01A}.Release|Any CPU.Build.0 = Release|Any CPU
		{FAAE9765-BBCC-4A41-B065-6C16E1613290}.Debug|Any CPU.ActiveCfg = Debug|Any CPU
		{FAAE9765-BBCC-4A41-B065-6C16E1613290}.Debug|Any CPU.Build.0 = Debug|Any CPU
		{FAAE9765-BBCC-4A41-B065-6C16E1613290}.Release|Any CPU.ActiveCfg = Release|Any CPU
		{FAAE9765-BBCC-4A41-B065-6C16E1613290}.Release|Any CPU.Build.0 = Release|Any CPU
	EndGlobalSection
	GlobalSection(NestedProjects) = preSolution
		{7AF76911-9695-4F5B-8B35-D2D9C8D9C8DF} = {E0E3FE0D-08CD-4A80-91A5-C224F02A5703}
		{4EB9A4E9-9F5C-4C53-9577-D9FD09EFD01A} = {E0E3FE0D-08CD-4A80-91A5-C224F02A5703}
		{FAAE9765-BBCC-4A41-B065-6C16E1613290} = {E0E3FE0D-08CD-4A80-91A5-C224F02A5703}
	EndGlobalSection
EndGlobal
